// !$*UTF8*$!
{
	archiveVersion = 1;
	classes = {
	};
	objectVersion = 56;
	objects = {

/* Begin PBXBuildFile section */
		11B103D32CA1B305001A8BB2 /* AppDelegate.swift in Sources */ = {isa = PBXBuildFile; fileRef = 11B103D22CA1B305001A8BB2 /* AppDelegate.swift */; };
		11B103D52CA1B305001A8BB2 /* SceneDelegate.swift in Sources */ = {isa = PBXBuildFile; fileRef = 11B103D42CA1B305001A8BB2 /* SceneDelegate.swift */; };
		11B103D72CA1B305001A8BB2 /* ViewController.swift in Sources */ = {isa = PBXBuildFile; fileRef = 11B103D62CA1B305001A8BB2 /* ViewController.swift */; };
		11B103DA2CA1B305001A8BB2 /* Base in Resources */ = {isa = PBXBuildFile; fileRef = 11B103D92CA1B305001A8BB2 /* Base */; };
		11B103DC2CA1B306001A8BB2 /* Assets.xcassets in Resources */ = {isa = PBXBuildFile; fileRef = 11B103DB2CA1B306001A8BB2 /* Assets.xcassets */; };
		11B103DF2CA1B306001A8BB2 /* Base in Resources */ = {isa = PBXBuildFile; fileRef = 11B103DE2CA1B306001A8BB2 /* Base */; };
		11B103EA2CA1B306001A8BB2 /* zunscifi_frieren_dance_songTests.swift in Sources */ = {isa = PBXBuildFile; fileRef = 11B103E92CA1B306001A8BB2 /* zunscifi_frieren_dance_songTests.swift */; };
		11B103F42CA1B306001A8BB2 /* zunscifi_frieren_dance_songUITests.swift in Sources */ = {isa = PBXBuildFile; fileRef = 11B103F32CA1B306001A8BB2 /* zunscifi_frieren_dance_songUITests.swift */; };
		11B103F62CA1B306001A8BB2 /* zunscifi_frieren_dance_songUITestsLaunchTests.swift in Sources */ = {isa = PBXBuildFile; fileRef = 11B103F52CA1B306001A8BB2 /* zunscifi_frieren_dance_songUITestsLaunchTests.swift */; };
/* End PBXBuildFile section */

/* Begin PBXContainerItemProxy section */
		11B103E62CA1B306001A8BB2 /* PBXContainerItemProxy */ = {
			isa = PBXContainerItemProxy;
			containerPortal = 11B103C72CA1B305001A8BB2 /* Project object */;
			proxyType = 1;
			remoteGlobalIDString = 11B103CE2CA1B305001A8BB2;
			remoteInfo = "zunscifi frieren dance song";
		};
		11B103F02CA1B306001A8BB2 /* PBXContainerItemProxy */ = {
			isa = PBXContainerItemProxy;
			containerPortal = 11B103C72CA1B305001A8BB2 /* Project object */;
			proxyType = 1;
			remoteGlobalIDString = 11B103CE2CA1B305001A8BB2;
			remoteInfo = "zunscifi frieren dance song";
		};
/* End PBXContainerItemProxy section */

/* Begin PBXFileReference section */
		11B103CF2CA1B305001A8BB2 /* zunscifi frieren dance song.app */ = {isa = PBXFileReference; explicitFileType = wrapper.application; includeInIndex = 0; path = "zunscifi frieren dance song.app"; sourceTree = BUILT_PRODUCTS_DIR; };
		11B103D22CA1B305001A8BB2 /* AppDelegate.swift */ = {isa = PBXFileReference; lastKnownFileType = sourcecode.swift; path = AppDelegate.swift; sourceTree = "<group>"; };
		11B103D42CA1B305001A8BB2 /* SceneDelegate.swift */ = {isa = PBXFileReference; lastKnownFileType = sourcecode.swift; path = SceneDelegate.swift; sourceTree = "<group>"; };
		11B103D62CA1B305001A8BB2 /* ViewController.swift */ = {isa = PBXFileReference; lastKnownFileType = sourcecode.swift; path = ViewController.swift; sourceTree = "<group>"; };
		11B103D92CA1B305001A8BB2 /* Base */ = {isa = PBXFileReference; lastKnownFileType = file.storyboard; name = Base; path = Base.lproj/Main.storyboard; sourceTree = "<group>"; };
		11B103DB2CA1B306001A8BB2 /* Assets.xcassets */ = {isa = PBXFileReference; lastKnownFileType = folder.assetcatalog; path = Assets.xcassets; sourceTree = "<group>"; };
		11B103DE2CA1B306001A8BB2 /* Base */ = {isa = PBXFileReference; lastKnownFileType = file.storyboard; name = Base; path = Base.lproj/LaunchScreen.storyboard; sourceTree = "<group>"; };
		11B103E02CA1B306001A8BB2 /* Info.plist */ = {isa = PBXFileReference; lastKnownFileType = text.plist.xml; path = Info.plist; sourceTree = "<group>"; };
		11B103E52CA1B306001A8BB2 /* zunscifi frieren dance songTests.xctest */ = {isa = PBXFileReference; explicitFileType = wrapper.cfbundle; includeInIndex = 0; path = "zunscifi frieren dance songTests.xctest"; sourceTree = BUILT_PRODUCTS_DIR; };
		11B103E92CA1B306001A8BB2 /* zunscifi_frieren_dance_songTests.swift */ = {isa = PBXFileReference; lastKnownFileType = sourcecode.swift; path = zunscifi_frieren_dance_songTests.swift; sourceTree = "<group>"; };
		11B103EF2CA1B306001A8BB2 /* zunscifi frieren dance songUITests.xctest */ = {isa = PBXFileReference; explicitFileType = wrapper.cfbundle; includeInIndex = 0; path = "zunscifi frieren dance songUITests.xctest"; sourceTree = BUILT_PRODUCTS_DIR; };
		11B103F32CA1B306001A8BB2 /* zunscifi_frieren_dance_songUITests.swift */ = {isa = PBXFileReference; lastKnownFileType = sourcecode.swift; path = zunscifi_frieren_dance_songUITests.swift; sourceTree = "<group>"; };
		11B103F52CA1B306001A8BB2 /* zunscifi_frieren_dance_songUITestsLaunchTests.swift */ = {isa = PBXFileReference; lastKnownFileType = sourcecode.swift; path = zunscifi_frieren_dance_songUITestsLaunchTests.swift; sourceTree = "<group>"; };
/* End PBXFileReference section */

/* Begin PBXFrameworksBuildPhase section */
		11B103CC2CA1B305001A8BB2 /* Frameworks */ = {
			isa = PBXFrameworksBuildPhase;
			buildActionMask = 2147483647;
			files = (
			);
			runOnlyForDeploymentPostprocessing = 0;
		};
		11B103E22CA1B306001A8BB2 /* Frameworks */ = {
			isa = PBXFrameworksBuildPhase;
			buildActionMask = 2147483647;
			files = (
			);
			runOnlyForDeploymentPostprocessing = 0;
		};
		11B103EC2CA1B306001A8BB2 /* Frameworks */ = {
			isa = PBXFrameworksBuildPhase;
			buildActionMask = 2147483647;
			files = (
			);
			runOnlyForDeploymentPostprocessing = 0;
		};
/* End PBXFrameworksBuildPhase section */

/* Begin PBXGroup section */
		11B103C62CA1B305001A8BB2 = {
			isa = PBXGroup;
			children = (
				11B103D12CA1B305001A8BB2 /* zunscifi frieren dance song */,
				11B103E82CA1B306001A8BB2 /* zunscifi frieren dance songTests */,
				11B103F22CA1B306001A8BB2 /* zunscifi frieren dance songUITests */,
				11B103D02CA1B305001A8BB2 /* Products */,
			);
			sourceTree = "<group>";
		};
		11B103D02CA1B305001A8BB2 /* Products */ = {
			isa = PBXGroup;
			children = (
				11B103CF2CA1B305001A8BB2 /* zunscifi frieren dance song.app */,
				11B103E52CA1B306001A8BB2 /* zunscifi frieren dance songTests.xctest */,
				11B103EF2CA1B306001A8BB2 /* zunscifi frieren dance songUITests.xctest */,
			);
			name = Products;
			sourceTree = "<group>";
		};
		11B103D12CA1B305001A8BB2 /* zunscifi frieren dance song */ = {
			isa = PBXGroup;
			children = (
				11B103D22CA1B305001A8BB2 /* AppDelegate.swift */,
				11B103D42CA1B305001A8BB2 /* SceneDelegate.swift */,
				11B103D62CA1B305001A8BB2 /* ViewController.swift */,
				11B103D82CA1B305001A8BB2 /* Main.storyboard */,
				11B103DB2CA1B306001A8BB2 /* Assets.xcassets */,
				11B103DD2CA1B306001A8BB2 /* LaunchScreen.storyboard */,
				11B103E02CA1B306001A8BB2 /* Info.plist */,
			);
			path = "zunscifi frieren dance song";
			sourceTree = "<group>";
		};
		11B103E82CA1B306001A8BB2 /* zunscifi frieren dance songTests */ = {
			isa = PBXGroup;
			children = (
				11B103E92CA1B306001A8BB2 /* zunscifi_frieren_dance_songTests.swift */,
			);
			path = "zunscifi frieren dance songTests";
			sourceTree = "<group>";
		};
		11B103F22CA1B306001A8BB2 /* zunscifi frieren dance songUITests */ = {
			isa = PBXGroup;
			children = (
				11B103F32CA1B306001A8BB2 /* zunscifi_frieren_dance_songUITests.swift */,
				11B103F52CA1B306001A8BB2 /* zunscifi_frieren_dance_songUITestsLaunchTests.swift */,
			);
			path = "zunscifi frieren dance songUITests";
			sourceTree = "<group>";
		};
/* End PBXGroup section */

/* Begin PBXNativeTarget section */
		11B103CE2CA1B305001A8BB2 /* zunscifi frieren dance song */ = {
			isa = PBXNativeTarget;
			buildConfigurationList = 11B103F92CA1B306001A8BB2 /* Build configuration list for PBXNativeTarget "zunscifi frieren dance song" */;
			buildPhases = (
				11B103CB2CA1B305001A8BB2 /* Sources */,
				11B103CC2CA1B305001A8BB2 /* Frameworks */,
				11B103CD2CA1B305001A8BB2 /* Resources */,
			);
			buildRules = (
			);
			dependencies = (
			);
			name = "zunscifi frieren dance song";
			productName = "zunscifi frieren dance song";
			productReference = 11B103CF2CA1B305001A8BB2 /* zunscifi frieren dance song.app */;
			productType = "com.apple.product-type.application";
		};
		11B103E42CA1B306001A8BB2 /* zunscifi frieren dance songTests */ = {
			isa = PBXNativeTarget;
			buildConfigurationList = 11B103FC2CA1B306001A8BB2 /* Build configuration list for PBXNativeTarget "zunscifi frieren dance songTests" */;
			buildPhases = (
				11B103E12CA1B306001A8BB2 /* Sources */,
				11B103E22CA1B306001A8BB2 /* Frameworks */,
				11B103E32CA1B306001A8BB2 /* Resources */,
			);
			buildRules = (
			);
			dependencies = (
				11B103E72CA1B306001A8BB2 /* PBXTargetDependency */,
			);
			name = "zunscifi frieren dance songTests";
			productName = "zunscifi frieren dance songTests";
			productReference = 11B103E52CA1B306001A8BB2 /* zunscifi frieren dance songTests.xctest */;
			productType = "com.apple.product-type.bundle.unit-test";
		};
		11B103EE2CA1B306001A8BB2 /* zunscifi frieren dance songUITests */ = {
			isa = PBXNativeTarget;
			buildConfigurationList = 11B103FF2CA1B306001A8BB2 /* Build configuration list for PBXNativeTarget "zunscifi frieren dance songUITests" */;
			buildPhases = (
				11B103EB2CA1B306001A8BB2 /* Sources */,
				11B103EC2CA1B306001A8BB2 /* Frameworks */,
				11B103ED2CA1B306001A8BB2 /* Resources */,
			);
			buildRules = (
			);
			dependencies = (
				11B103F12CA1B306001A8BB2 /* PBXTargetDependency */,
			);
			name = "zunscifi frieren dance songUITests";
			productName = "zunscifi frieren dance songUITests";
			productReference = 11B103EF2CA1B306001A8BB2 /* zunscifi frieren dance songUITests.xctest */;
			productType = "com.apple.product-type.bundle.ui-testing";
		};
/* End PBXNativeTarget section */

/* Begin PBXProject section */
		11B103C72CA1B305001A8BB2 /* Project object */ = {
			isa = PBXProject;
			attributes = {
				BuildIndependentTargetsInParallel = 1;
				LastSwiftUpdateCheck = 1530;
				LastUpgradeCheck = 1530;
				TargetAttributes = {
					11B103CE2CA1B305001A8BB2 = {
						CreatedOnToolsVersion = 15.3;
					};
					11B103E42CA1B306001A8BB2 = {
						CreatedOnToolsVersion = 15.3;
						TestTargetID = 11B103CE2CA1B305001A8BB2;
					};
					11B103EE2CA1B306001A8BB2 = {
						CreatedOnToolsVersion = 15.3;
						TestTargetID = 11B103CE2CA1B305001A8BB2;
					};
				};
			};
			buildConfigurationList = 11B103CA2CA1B305001A8BB2 /* Build configuration list for PBXProject "zunscifi frieren dance song" */;
			compatibilityVersion = "Xcode 14.0";
			developmentRegion = en;
			hasScannedForEncodings = 0;
			knownRegions = (
				en,
				Base,
			);
			mainGroup = 11B103C62CA1B305001A8BB2;
			productRefGroup = 11B103D02CA1B305001A8BB2 /* Products */;
			projectDirPath = "";
			projectRoot = "";
			targets = (
				11B103CE2CA1B305001A8BB2 /* zunscifi frieren dance song */,
				11B103E42CA1B306001A8BB2 /* zunscifi frieren dance songTests */,
				11B103EE2CA1B306001A8BB2 /* zunscifi frieren dance songUITests */,
			);
		};
/* End PBXProject section */

/* Begin PBXResourcesBuildPhase section */
		11B103CD2CA1B305001A8BB2 /* Resources */ = {
			isa = PBXResourcesBuildPhase;
			buildActionMask = 2147483647;
			files = (
				11B103DC2CA1B306001A8BB2 /* Assets.xcassets in Resources */,
				11B103DF2CA1B306001A8BB2 /* Base in Resources */,
				11B103DA2CA1B305001A8BB2 /* Base in Resources */,
			);
			runOnlyForDeploymentPostprocessing = 0;
		};
		11B103E32CA1B306001A8BB2 /* Resources */ = {
			isa = PBXResourcesBuildPhase;
			buildActionMask = 2147483647;
			files = (
			);
			runOnlyForDeploymentPostprocessing = 0;
		};
		11B103ED2CA1B306001A8BB2 /* Resources */ = {
			isa = PBXResourcesBuildPhase;
			buildActionMask = 2147483647;
			files = (
			);
			runOnlyForDeploymentPostprocessing = 0;
		};
/* End PBXResourcesBuildPhase section */

/* Begin PBXSourcesBuildPhase section */
		11B103CB2CA1B305001A8BB2 /* Sources */ = {
			isa = PBXSourcesBuildPhase;
			buildActionMask = 2147483647;
			files = (
				11B103D72CA1B305001A8BB2 /* ViewController.swift in Sources */,
				11B103D32CA1B305001A8BB2 /* AppDelegate.swift in Sources */,
				11B103D52CA1B305001A8BB2 /* SceneDelegate.swift in Sources */,
			);
			runOnlyForDeploymentPostprocessing = 0;
		};
		11B103E12CA1B306001A8BB2 /* Sources */ = {
			isa = PBXSourcesBuildPhase;
			buildActionMask = 2147483647;
			files = (
				11B103EA2CA1B306001A8BB2 /* zunscifi_frieren_dance_songTests.swift in Sources */,
			);
			runOnlyForDeploymentPostprocessing = 0;
		};
		11B103EB2CA1B306001A8BB2 /* Sources */ = {
			isa = PBXSourcesBuildPhase;
			buildActionMask = 2147483647;
			files = (
				11B103F62CA1B306001A8BB2 /* zunscifi_frieren_dance_songUITestsLaunchTests.swift in Sources */,
				11B103F42CA1B306001A8BB2 /* zunscifi_frieren_dance_songUITests.swift in Sources */,
			);
			runOnlyForDeploymentPostprocessing = 0;
		};
/* End PBXSourcesBuildPhase section */

/* Begin PBXTargetDependency section */
		11B103E72CA1B306001A8BB2 /* PBXTargetDependency */ = {
			isa = PBXTargetDependency;
			target = 11B103CE2CA1B305001A8BB2 /* zunscifi frieren dance song */;
			targetProxy = 11B103E62CA1B306001A8BB2 /* PBXContainerItemProxy */;
		};
		11B103F12CA1B306001A8BB2 /* PBXTargetDependency */ = {
			isa = PBXTargetDependency;
			target = 11B103CE2CA1B305001A8BB2 /* zunscifi frieren dance song */;
			targetProxy = 11B103F02CA1B306001A8BB2 /* PBXContainerItemProxy */;
		};
/* End PBXTargetDependency section */

/* Begin PBXVariantGroup section */
		11B103D82CA1B305001A8BB2 /* Main.storyboard */ = {
			isa = PBXVariantGroup;
			children = (
				11B103D92CA1B305001A8BB2 /* Base */,
			);
			name = Main.storyboard;
			sourceTree = "<group>";
		};
		11B103DD2CA1B306001A8BB2 /* LaunchScreen.storyboard */ = {
			isa = PBXVariantGroup;
			children = (
				11B103DE2CA1B306001A8BB2 /* Base */,
			);
			name = LaunchScreen.storyboard;
			sourceTree = "<group>";
		};
/* End PBXVariantGroup section */

/* Begin XCBuildConfiguration section */
		11B103F72CA1B306001A8BB2 /* Debug */ = {
			isa = XCBuildConfiguration;
			buildSettings = {
				ALWAYS_SEARCH_USER_PATHS = NO;
				ASSETCATALOG_COMPILER_GENERATE_SWIFT_ASSET_SYMBOL_EXTENSIONS = YES;
				CLANG_ANALYZER_NONNULL = YES;
				CLANG_ANALYZER_NUMBER_OBJECT_CONVERSION = YES_AGGRESSIVE;
				CLANG_CXX_LANGUAGE_STANDARD = "gnu++20";
				CLANG_ENABLE_MODULES = YES;
				CLANG_ENABLE_OBJC_ARC = YES;
				CLANG_ENABLE_OBJC_WEAK = YES;
				CLANG_WARN_BLOCK_CAPTURE_AUTORELEASING = YES;
				CLANG_WARN_BOOL_CONVERSION = YES;
				CLANG_WARN_COMMA = YES;
				CLANG_WARN_CONSTANT_CONVERSION = YES;
				CLANG_WARN_DEPRECATED_OBJC_IMPLEMENTATIONS = YES;
				CLANG_WARN_DIRECT_OBJC_ISA_USAGE = YES_ERROR;
				CLANG_WARN_DOCUMENTATION_COMMENTS = YES;
				CLANG_WARN_EMPTY_BODY = YES;
				CLANG_WARN_ENUM_CONVERSION = YES;
				CLANG_WARN_INFINITE_RECURSION = YES;
				CLANG_WARN_INT_CONVERSION = YES;
				CLANG_WARN_NON_LITERAL_NULL_CONVERSION = YES;
				CLANG_WARN_OBJC_IMPLICIT_RETAIN_SELF = YES;
				CLANG_WARN_OBJC_LITERAL_CONVERSION = YES;
				CLANG_WARN_OBJC_ROOT_CLASS = YES_ERROR;
				CLANG_WARN_QUOTED_INCLUDE_IN_FRAMEWORK_HEADER = YES;
				CLANG_WARN_RANGE_LOOP_ANALYSIS = YES;
				CLANG_WARN_STRICT_PROTOTYPES = YES;
				CLANG_WARN_SUSPICIOUS_MOVE = YES;
				CLANG_WARN_UNGUARDED_AVAILABILITY = YES_AGGRESSIVE;
				CLANG_WARN_UNREACHABLE_CODE = YES;
				CLANG_WARN__DUPLICATE_METHOD_MATCH = YES;
				COPY_PHASE_STRIP = NO;
				DEBUG_INFORMATION_FORMAT = dwarf;
				ENABLE_STRICT_OBJC_MSGSEND = YES;
				ENABLE_TESTABILITY = YES;
				ENABLE_USER_SCRIPT_SANDBOXING = YES;
				GCC_C_LANGUAGE_STANDARD = gnu17;
				GCC_DYNAMIC_NO_PIC = NO;
				GCC_NO_COMMON_BLOCKS = YES;
				GCC_OPTIMIZATION_LEVEL = 0;
				GCC_PREPROCESSOR_DEFINITIONS = (
					"DEBUG=1",
					"$(inherited)",
				);
				GCC_WARN_64_TO_32_BIT_CONVERSION = YES;
				GCC_WARN_ABOUT_RETURN_TYPE = YES_ERROR;
				GCC_WARN_UNDECLARED_SELECTOR = YES;
				GCC_WARN_UNINITIALIZED_AUTOS = YES_AGGRESSIVE;
				GCC_WARN_UNUSED_FUNCTION = YES;
				GCC_WARN_UNUSED_VARIABLE = YES;
				IPHONEOS_DEPLOYMENT_TARGET = 17.4;
				LOCALIZATION_PREFERS_STRING_CATALOGS = YES;
				MTL_ENABLE_DEBUG_INFO = INCLUDE_SOURCE;
				MTL_FAST_MATH = YES;
				ONLY_ACTIVE_ARCH = YES;
				SDKROOT = iphoneos;
				SWIFT_ACTIVE_COMPILATION_CONDITIONS = "DEBUG $(inherited)";
				SWIFT_OPTIMIZATION_LEVEL = "-Onone";
			};
			name = Debug;
		};
		11B103F82CA1B306001A8BB2 /* Release */ = {
			isa = XCBuildConfiguration;
			buildSettings = {
				ALWAYS_SEARCH_USER_PATHS = NO;
				ASSETCATALOG_COMPILER_GENERATE_SWIFT_ASSET_SYMBOL_EXTENSIONS = YES;
				CLANG_ANALYZER_NONNULL = YES;
				CLANG_ANALYZER_NUMBER_OBJECT_CONVERSION = YES_AGGRESSIVE;
				CLANG_CXX_LANGUAGE_STANDARD = "gnu++20";
				CLANG_ENABLE_MODULES = YES;
				CLANG_ENABLE_OBJC_ARC = YES;
				CLANG_ENABLE_OBJC_WEAK = YES;
				CLANG_WARN_BLOCK_CAPTURE_AUTORELEASING = YES;
				CLANG_WARN_BOOL_CONVERSION = YES;
				CLANG_WARN_COMMA = YES;
				CLANG_WARN_CONSTANT_CONVERSION = YES;
				CLANG_WARN_DEPRECATED_OBJC_IMPLEMENTATIONS = YES;
				CLANG_WARN_DIRECT_OBJC_ISA_USAGE = YES_ERROR;
				CLANG_WARN_DOCUMENTATION_COMMENTS = YES;
				CLANG_WARN_EMPTY_BODY = YES;
				CLANG_WARN_ENUM_CONVERSION = YES;
				CLANG_WARN_INFINITE_RECURSION = YES;
				CLANG_WARN_INT_CONVERSION = YES;
				CLANG_WARN_NON_LITERAL_NULL_CONVERSION = YES;
				CLANG_WARN_OBJC_IMPLICIT_RETAIN_SELF = YES;
				CLANG_WARN_OBJC_LITERAL_CONVERSION = YES;
				CLANG_WARN_OBJC_ROOT_CLASS = YES_ERROR;
				CLANG_WARN_QUOTED_INCLUDE_IN_FRAMEWORK_HEADER = YES;
				CLANG_WARN_RANGE_LOOP_ANALYSIS = YES;
				CLANG_WARN_STRICT_PROTOTYPES = YES;
				CLANG_WARN_SUSPICIOUS_MOVE = YES;
				CLANG_WARN_UNGUARDED_AVAILABILITY = YES_AGGRESSIVE;
				CLANG_WARN_UNREACHABLE_CODE = YES;
				CLANG_WARN__DUPLICATE_METHOD_MATCH = YES;
				COPY_PHASE_STRIP = NO;
				DEBUG_INFORMATION_FORMAT = "dwarf-with-dsym";
				ENABLE_NS_ASSERTIONS = NO;
				ENABLE_STRICT_OBJC_MSGSEND = YES;
				ENABLE_USER_SCRIPT_SANDBOXING = YES;
				GCC_C_LANGUAGE_STANDARD = gnu17;
				GCC_NO_COMMON_BLOCKS = YES;
				GCC_WARN_64_TO_32_BIT_CONVERSION = YES;
				GCC_WARN_ABOUT_RETURN_TYPE = YES_ERROR;
				GCC_WARN_UNDECLARED_SELECTOR = YES;
				GCC_WARN_UNINITIALIZED_AUTOS = YES_AGGRESSIVE;
				GCC_WARN_UNUSED_FUNCTION = YES;
				GCC_WARN_UNUSED_VARIABLE = YES;
				IPHONEOS_DEPLOYMENT_TARGET = 17.4;
				LOCALIZATION_PREFERS_STRING_CATALOGS = YES;
				MTL_ENABLE_DEBUG_INFO = NO;
				MTL_FAST_MATH = YES;
				SDKROOT = iphoneos;
				SWIFT_COMPILATION_MODE = wholemodule;
				VALIDATE_PRODUCT = YES;
			};
			name = Release;
		};
		11B103FA2CA1B306001A8BB2 /* Debug */ = {
			isa = XCBuildConfiguration;
			buildSettings = {
				ASSETCATALOG_COMPILER_APPICON_NAME = AppIcon;
				ASSETCATALOG_COMPILER_GLOBAL_ACCENT_COLOR_NAME = AccentColor;
				CODE_SIGN_STYLE = Automatic;
				CURRENT_PROJECT_VERSION = 1;
				DEVELOPMENT_TEAM = 8B2KM2HW5W;
				GENERATE_INFOPLIST_FILE = YES;
				INFOPLIST_FILE = "zunscifi frieren dance song/Info.plist";
				INFOPLIST_KEY_UIApplicationSupportsIndirectInputEvents = YES;
				INFOPLIST_KEY_UILaunchStoryboardName = LaunchScreen;
				INFOPLIST_KEY_UIMainStoryboardFile = Main;
				INFOPLIST_KEY_UISupportedInterfaceOrientations_iPad = "UIInterfaceOrientationPortrait UIInterfaceOrientationPortraitUpsideDown UIInterfaceOrientationLandscapeLeft UIInterfaceOrientationLandscapeRight";
				INFOPLIST_KEY_UISupportedInterfaceOrientations_iPhone = "UIInterfaceOrientationPortrait UIInterfaceOrientationLandscapeLeft UIInterfaceOrientationLandscapeRight";
				LD_RUNPATH_SEARCH_PATHS = (
					"$(inherited)",
					"@executable_path/Frameworks",
				);
				MARKETING_VERSION = 1.0;
				PRODUCT_BUNDLE_IDENTIFIER = "sweet.love.studio.Love-Quotes.zunscifi-frieren-dance-song";
				PRODUCT_NAME = "$(TARGET_NAME)";
				SWIFT_EMIT_LOC_STRINGS = YES;
				SWIFT_VERSION = 5.0;
				TARGETED_DEVICE_FAMILY = "1,2";
			};
			name = Debug;
		};
		11B103FB2CA1B306001A8BB2 /* Release */ = {
			isa = XCBuildConfiguration;
			buildSettings = {
				ASSETCATALOG_COMPILER_APPICON_NAME = AppIcon;
				ASSETCATALOG_COMPILER_GLOBAL_ACCENT_COLOR_NAME = AccentColor;
				CODE_SIGN_STYLE = Automatic;
				CURRENT_PROJECT_VERSION = 1;
				DEVELOPMENT_TEAM = 8B2KM2HW5W;
				GENERATE_INFOPLIST_FILE = YES;
				INFOPLIST_FILE = "zunscifi frieren dance song/Info.plist";
				INFOPLIST_KEY_UIApplicationSupportsIndirectInputEvents = YES;
				INFOPLIST_KEY_UILaunchStoryboardName = LaunchScreen;
				INFOPLIST_KEY_UIMainStoryboardFile = Main;
				INFOPLIST_KEY_UISupportedInterfaceOrientations_iPad = "UIInterfaceOrientationPortrait UIInterfaceOrientationPortraitUpsideDown UIInterfaceOrientationLandscapeLeft UIInterfaceOrientationLandscapeRight";
				INFOPLIST_KEY_UISupportedInterfaceOrientations_iPhone = "UIInterfaceOrientationPortrait UIInterfaceOrientationLandscapeLeft UIInterfaceOrientationLandscapeRight";
				LD_RUNPATH_SEARCH_PATHS = (
					"$(inherited)",
					"@executable_path/Frameworks",
				);
				MARKETING_VERSION = 1.0;
				PRODUCT_BUNDLE_IDENTIFIER = "sweet.love.studio.Love-Quotes.zunscifi-frieren-dance-song";
				PRODUCT_NAME = "$(TARGET_NAME)";
				SWIFT_EMIT_LOC_STRINGS = YES;
				SWIFT_VERSION = 5.0;
				TARGETED_DEVICE_FAMILY = "1,2";
			};
			name = Release;
		};
		11B103FD2CA1B306001A8BB2 /* Debug */ = {
			isa = XCBuildConfiguration;
			buildSettings = {
				ALWAYS_EMBED_SWIFT_STANDARD_LIBRARIES = YES;
				BUNDLE_LOADER = "$(TEST_HOST)";
				CODE_SIGN_STYLE = Automatic;
				CURRENT_PROJECT_VERSION = 1;
				DEVELOPMENT_TEAM = 8B2KM2HW5W;
				GENERATE_INFOPLIST_FILE = YES;
				IPHONEOS_DEPLOYMENT_TARGET = 17.4;
				MARKETING_VERSION = 1.0;
				PRODUCT_BUNDLE_IDENTIFIER = "sweet.love.studio.Love-Quotes.zunscifi-frieren-dance-songTests";
				PRODUCT_NAME = "$(TARGET_NAME)";
				SWIFT_EMIT_LOC_STRINGS = NO;
				SWIFT_VERSION = 5.0;
				TARGETED_DEVICE_FAMILY = "1,2";
				TEST_HOST = "$(BUILT_PRODUCTS_DIR)/zunscifi frieren dance song.app/$(BUNDLE_EXECUTABLE_FOLDER_PATH)/zunscifi frieren dance song";
			};
			name = Debug;
		};
		11B103FE2CA1B306001A8BB2 /* Release */ = {
			isa = XCBuildConfiguration;
			buildSettings = {
				ALWAYS_EMBED_SWIFT_STANDARD_LIBRARIES = YES;
				BUNDLE_LOADER = "$(TEST_HOST)";
				CODE_SIGN_STYLE = Automatic;
				CURRENT_PROJECT_VERSION = 1;
				DEVELOPMENT_TEAM = 8B2KM2HW5W;
				GENERATE_INFOPLIST_FILE = YES;
				IPHONEOS_DEPLOYMENT_TARGET = 17.4;
				MARKETING_VERSION = 1.0;
				PRODUCT_BUNDLE_IDENTIFIER = "sweet.love.studio.Love-Quotes.zunscifi-frieren-dance-songTests";
				PRODUCT_NAME = "$(TARGET_NAME)";
				SWIFT_EMIT_LOC_STRINGS = NO;
				SWIFT_VERSION = 5.0;
				TARGETED_DEVICE_FAMILY = "1,2";
				TEST_HOST = "$(BUILT_PRODUCTS_DIR)/zunscifi frieren dance song.app/$(BUNDLE_EXECUTABLE_FOLDER_PATH)/zunscifi frieren dance song";
			};
			name = Release;
		};
		11B104002CA1B306001A8BB2 /* Debug */ = {
			isa = XCBuildConfiguration;
			buildSettings = {
				ALWAYS_EMBED_SWIFT_STANDARD_LIBRARIES = YES;
				CODE_SIGN_STYLE = Automatic;
				CURRENT_PROJECT_VERSION = 1;
				DEVELOPMENT_TEAM = 8B2KM2HW5W;
				GENERATE_INFOPLIST_FILE = YES;
				MARKETING_VERSION = 1.0;
				PRODUCT_BUNDLE_IDENTIFIER = "sweet.love.studio.Love-Quotes.zunscifi-frieren-dance-songUITests";
				PRODUCT_NAME = "$(TARGET_NAME)";
				SWIFT_EMIT_LOC_STRINGS = NO;
				SWIFT_VERSION = 5.0;
				TARGETED_DEVICE_FAMILY = "1,2";
				TEST_TARGET_NAME = "zunscifi frieren dance song";
			};
			name = Debug;
		};
		11B104012CA1B306001A8BB2 /* Release */ = {
			isa = XCBuildConfiguration;
			buildSettings = {
				ALWAYS_EMBED_SWIFT_STANDARD_LIBRARIES = YES;
				CODE_SIGN_STYLE = Automatic;
				CURRENT_PROJECT_VERSION = 1;
				DEVELOPMENT_TEAM = 8B2KM2HW5W;
				GENERATE_INFOPLIST_FILE = YES;
				MARKETING_VERSION = 1.0;
				PRODUCT_BUNDLE_IDENTIFIER = "sweet.love.studio.Love-Quotes.zunscifi-frieren-dance-songUITests";
				PRODUCT_NAME = "$(TARGET_NAME)";
				SWIFT_EMIT_LOC_STRINGS = NO;
				SWIFT_VERSION = 5.0;
				TARGETED_DEVICE_FAMILY = "1,2";
				TEST_TARGET_NAME = "zunscifi frieren dance song";
			};
			name = Release;
		};
/* End XCBuildConfiguration section */

/* Begin XCConfigurationList section */
		11B103CA2CA1B305001A8BB2 /* Build configuration list for PBXProject "zunscifi frieren dance song" */ = {
			isa = XCConfigurationList;
			buildConfigurations = (
				11B103F72CA1B306001A8BB2 /* Debug */,
				11B103F82CA1B306001A8BB2 /* Release */,
			);
			defaultConfigurationIsVisible = 0;
			defaultConfigurationName = Release;
		};
		11B103F92CA1B306001A8BB2 /* Build configuration list for PBXNativeTarget "zunscifi frieren dance song" */ = {
			isa = XCConfigurationList;
			buildConfigurations = (
				11B103FA2CA1B306001A8BB2 /* Debug */,
				11B103FB2CA1B306001A8BB2 /* Release */,
			);
			defaultConfigurationIsVisible = 0;
			defaultConfigurationName = Release;
		};
		11B103FC2CA1B306001A8BB2 /* Build configuration list for PBXNativeTarget "zunscifi frieren dance songTests" */ = {
			isa = XCConfigurationList;
			buildConfigurations = (
				11B103FD2CA1B306001A8BB2 /* Debug */,
				11B103FE2CA1B306001A8BB2 /* Release */,
			);
			defaultConfigurationIsVisible = 0;
			defaultConfigurationName = Release;
		};
		11B103FF2CA1B306001A8BB2 /* Build configuration list for PBXNativeTarget "zunscifi frieren dance songUITests" */ = {
			isa = XCConfigurationList;
			buildConfigurations = (
				11B104002CA1B306001A8BB2 /* Debug */,
				11B104012CA1B306001A8BB2 /* Release */,
			);
			defaultConfigurationIsVisible = 0;
			defaultConfigurationName = Release;
		};
/* End XCConfigurationList section */
	};
	rootObject = 11B103C72CA1B305001A8BB2 /* Project object */;
}
